{
  "nodes": {
    "lidl-with-shared-c-abi": {
      "inputs": {
        "logos-nix": [
          "logos-nix"
        ],
        "nixpkgs": [
          "lidl-with-shared-c-abi",
          "logos-nix",
          "nixpkgs"
        ]
      },
      "locked": {
        "lastModified": 1782951132,
        "narHash": "sha256-56pyrYFoxzKOlsr+ql9jHuOOKZGJmmSkzcYx5s7tKJA=",
        "owner": "logos-fleet",
        "repo": "logos-lidl",
        "rev": "386575a94f1c4f1af595d1e3550548f769799274",
        "type": "github"
      },
      "original": {
        "owner": "logos-fleet",
        "ref": "feat/shared-c-abi-lib",
        "repo": "logos-lidl",
        "type": "github"
      }
    },
    "logos-nix": {
      "inputs": {
        "nixpkgs": "nixpkgs",
        "nixpkgs-windows": "nixpkgs-windows"
      },
      "locked": {
        "lastModified": 1786399295,
        "narHash": "sha256-Bl1A0UgsIXioZw5uEW8Jl5u7FfZcFMnpYlpsdezFwK0=",
        "owner": "logos-co",
        "repo": "logos-nix",
        "rev": "6e0f4a7120fced10829b0b3a698ff619a11d4605",
        "type": "github"
      },
      "original": {
        "owner": "logos-co",
        "repo": "logos-nix",
        "type": "github"
      }
    },
    "logos-protocol": {
      "inputs": {
        "logos-nix": [
          "logos-nix"
        ],
        "nixpkgs": [
          "logos-protocol",
          "logos-nix",
          "nixpkgs"
        ]
      },
      "locked": {
        "lastModified": 1789025335,
        "narHash": "sha256-nTWaxuGVfZPVp28Wtjc06z/Ix0xdDMuPQ0BhuQSVtb4=",
        "owner": "logos-fleet",
        "repo": "logos-protocol",
        "rev": "b65429e7a295268f148e55d6538162f811f33001",
        "type": "github"
      },
      "original": {
        "owner": "logos-fleet",
        "repo": "logos-protocol",
        "type": "github"
      }
    },
    "nixpkgs": {
      "locked": {
        "lastModified": 1759036355,
        "narHash": "sha256-0m27AKv6ka+q270dw48KflE0LwQYrO7Fm4/2//KCVWg=",
        "owner": "NixOS",
        "repo": "nixpkgs",
        "rev": "e9f00bd893984bc8ce46c895c3bf7cac95331127",
        "type": "github"
      },
      "original": {
        "owner": "NixOS",
        "ref": "nixos-unstable",
        "repo": "nixpkgs",
        "type": "github"
      }
    },
    "nixpkgs-windows": {
      "locked": {
        "lastModified": 1782723713,
        "narHash": "sha256-oPXCU/SSUokcGaJREHibG1CBX3+s/W7orDWQOZDsEeQ=",
        "owner": "NixOS",
        "repo": "nixpkgs",
        "rev": "b5aa0fbd538984f6e3d201be0005b4463d8b09f8",
        "type": "github"
      },
      "original": {
        "owner": "NixOS",
        "repo": "nixpkgs",
        "rev": "b5aa0fbd538984f6e3d201be0005b4463d8b09f8",
        "type": "github"
      }
    },
    "protocol-with-serving-provider": {
      "inputs": {
        "logos-nix": [
          "logos-nix"
        ],
        "nixpkgs": [
          "protocol-with-serving-provider",
          "logos-nix",
          "nixpkgs"
        ]
      },
      "locked": {
        "lastModified": 1782949836,
        "narHash": "sha256-oYKL42Pumh8BNvgFYgVwvn36qFfWzYDtgl8Hvu4VkIE=",
        "owner": "logos-co",
        "repo": "logos-protocol",
        "rev": "dbc9b83d220668e0e2cde496c9c945d93c350ac7",
        "type": "github"
      },
      "original": {
        "owner": "logos-co",
        "ref": "feat/protocol-shared-lib",
        "repo": "logos-protocol",
        "type": "github"
      }
    },
    "root": {
      "inputs": {
        "lidl-with-shared-c-abi": "lidl-with-shared-c-abi",
        "logos-nix": "logos-nix",
        "logos-protocol": "logos-protocol",
        "nixpkgs": [
          "logos-nix",
          "nixpkgs"
        ],
        "protocol-with-serving-provider": "protocol-with-serving-provider"
      }
    }
  },
  "root": "root",
  "version": 7
}
